
Microsoft Visual Studio Solution File, Format Version 12.00
# Visual Studio Version 16
VisualStudioVersion = 16.0.30907.101
MinimumVisualStudioVersion = 10.0.40219.1
Project("{9A19103F-16F7-4668-BE54-9A1E7A4F7556}") = "DataAccess", "DataAccess\DataAccess.csproj", "{98DEA1EC-2D58-4762-9B36-6CCDAB32AD2C}"
EndProject
Project("{9A19103F-16F7-4668-BE54-9A1E7A4F7556}") = "Business", "Business\Business.csproj", "{4C6277D1-841F-4D1A-B243-E1E1BF601C0E}"
EndProject
Project("{9A19103F-16F7-4668-BE54-9A1E7A4F7556}") = "Entities", "Entities\Entities.csproj", "{BC47D037-98CB-4A77-A624-E42122E95D9D}"
EndProject
Project("{9A19103F-16F7-4668-BE54-9A1E7A4F7556}") = "ConsoleUI", "Console\ConsoleUI.csproj", "{F882629A-D756-49DB-B59F-06F2D578488E}"
EndProject
Project("{9A19103F-16F7-4668-BE54-9A1E7A4F7556}") = "Core", "Core\Core.csproj", "{59ADA898-4AAA-4E15-9CAC-D4A21CAA7888}"
EndProject
Project("{FAE04EC0-301F-11D3-BF4B-00C04F79EFBC}") = "WebAPI", "WebAPI\WebAPI.csproj", "{4058EC51-A869-4AA4-A0BF-7745BCADF5BB}"
EndProject
Global
	GlobalSection(SolutionConfigurationPlatforms) = preSolution
		Debug|Any CPU = Debug|Any CPU
		Release|Any CPU = Release|Any CPU
	EndGlobalSection
	GlobalSection(ProjectConfigurationPlatforms) = postSolution
		{98DEA1EC-2D58-4762-9B36-6CCDAB32AD2C}.Debug|Any CPU.ActiveCfg = Debug|Any CPU
		{98DEA1EC-2D58-4762-9B36-6CCDAB32AD2C}.Debug|Any CPU.Build.0 = Debug|Any CPU
		{98DEA1EC-2D58-4762-9B36-6CCDAB32AD2C}.Release|Any CPU.ActiveCfg = Release|Any CPU
		{98DEA1EC-2D58-4762-9B36-6CCDAB32AD2C}.Release|Any CPU.Build.0 = Release|Any CPU
		{4C6277D1-841F-4D1A-B243-E1E1BF601C0E}.Debug|Any CPU.ActiveCfg = Debug|Any CPU
		{4C6277D1-841F-4D1A-B243-E1E1BF601C0E}.Debug|Any CPU.Build.0 = Debug|Any CPU
		{4C6277D1-841F-4D1A-B243-E1E1BF601C0E}.Release|Any CPU.ActiveCfg = Release|Any CPU
		{4C6277D1-841F-4D1A-B243-E1E1BF601C0E}.Release|Any CPU.Build.0 = Release|Any CPU
		{BC47D037-98CB-4A77-A624-E42122E95D9D}.Debug|Any CPU.ActiveCfg = Debug|Any CPU
		{BC47D037-98CB-4A77-A624-E42122E95D9D}.Debug|Any CPU.Build.0 = Debug|Any CPU
		{BC47D037-98CB-4A77-A624-E42122E95D9D}.Release|Any CPU.ActiveCfg = Release|Any CPU
		{BC47D037-98CB-4A77-A624-E42122E95D9D}.Release|Any CPU.Build.0 = Release|Any CPU
		{F882629A-D756-49DB-B59F-06F2D578488E}.Debug|Any CPU.ActiveCfg = Debug|Any CPU
		{F882629A-D756-49DB-B59F-06F2D578488E}.Debug|Any CPU.Build.0 = Debug|Any CPU
		{F882629A-D756-49DB-B59F-06F2D578488E}.Release|Any CPU.ActiveCfg = Release|Any CPU
		{F882629A-D756-49DB-B59F-06F2D578488E}.Release|Any CPU.Build.0 = Release|Any CPU
		{59ADA898-4AAA-4E15-9CAC-D4A21CAA7888}.Debug|Any CPU.ActiveCfg = Debug|Any CPU
		{59ADA898-4AAA-4E15-9CAC-D4A21CAA7888}.Debug|Any CPU.Build.0 = Debug|Any CPU
		{59ADA898-4AAA-4E15-9CAC-D4A21CAA7888}.Release|Any CPU.ActiveCfg = Release|Any CPU
		{59ADA898-4AAA-4E15-9CAC-D4A21CAA7888}.Release|Any CPU.Build.0 = Release|Any CPU
		{4058EC51-A869-4AA4-A0BF-7745BCADF5BB}.Debug|Any CPU.ActiveCfg = Debug|Any CPU
		{4058EC51-A869-4AA4-A0BF-7745BCADF5BB}.Debug|Any CPU.Build.0 = Debug|Any CPU
		{4058EC51-A869-4AA4-A0BF-7745BCADF5BB}.Release|Any CPU.ActiveCfg = Release|Any CPU
		{4058EC51-A869-4AA4-A0BF-7745BCADF5BB}.Release|Any CPU.Build.0 = Release|Any CPU
	EndGlobalSection
	GlobalSection(SolutionProperties) = preSolution
		HideSolutionNode = FALSE
	EndGlobalSection
	GlobalSection(ExtensibilityGlobals) = postSolution
		SolutionGuid = {54249FDE-1519-424A-B781-1723E0F2CC9A}
	EndGlobalSection
EndGlobal
